{
    "_meta": {
        "hash": {
            "sha256": "3f04425af46e0c6b58a824d49c59ce76acf3990bd80cf77420e499b8766dc92d"
        },
        "pipfile-spec": 6,
        "requires": {
            "python_version": "3.13"
        },
        "sources": [
            {
                "name": "pypi",
                "url": "https://pypi.org/simple",
                "verify_ssl": true
            }
        ]
    },
    "default": {
        "certifi": {
            "hashes": [
                "sha256:1275f7a45be9464efc1173084eaa30f866fe2e47d389406136d332ed4967ec56",
                "sha256:b650d30f370c2b724812bee08008be0c4163b163ddaec3f2546c1caf65f191db"
            ],
            "markers": "python_version >= '3.6'",
            "version": "==2024.12.14"
        },
        "distlib": {
            "hashes": [
                "sha256:47f8c22fd27c27e25a65601af709b38e4f0a45ea4fc2e710f65755fa8caaaf87",
                "sha256:a60f20dea646b8a33f3e7772f74dc0b2d0772d2837ee1342a00645c81edf9403"
            ],
            "version": "==0.3.9"
        },
        "filelock": {
            "hashes": [
                "sha256:2082e5703d51fbf98ea75855d9d5527e33d8ff23099bec374a134febee6946b0",
                "sha256:c249fbfcd5db47e5e2d6d62198e565475ee65e4831e2561c8e313fa7eb961435"
            ],
            "markers": "python_version >= '3.8'",
            "version": "==3.16.1"
        },
        "packaging": {
            "hashes": [
                "sha256:09abb1bccd265c01f4a3aa3f7a7db064b36514d2cba19a2f694fe6150451a759",
                "sha256:c228a6dc5e932d346bc5739379109d49e8853dd8223571c7c5b55260edc0b97f"
            ],
            "markers": "python_version >= '3.8'",
            "version": "==24.2"
        },
        "pipenv": {
            "hashes": [
                "sha256:282ac23b4a2c60cefe22bf1b747f49d55d87719d538b631e9212276920a36f68",
                "sha256:87b82407a9e2de3cf32a742c131708d7460d5985076c6a9b3c11d774d2929fb1"
            ],
            "index": "pypi",
            "markers": "python_version >= '3.8'",
            "version": "==2024.4.0"
        },
        "platformdirs": {
            "hashes": [
                "sha256:357fb2acbc885b0419afd3ce3ed34564c13c9b95c89360cd9563f73aa5e2b907",
                "sha256:73e575e1408ab8103900836b97580d5307456908a03e92031bab39e4554cc3fb"
            ],
            "markers": "python_version >= '3.8'",
            "version": "==4.3.6"
        },
        "setuptools": {
            "hashes": [
                "sha256:8199222558df7c86216af4f84c30e9b34a61d8ba19366cc914424cdbd28252f6",
                "sha256:ce74b49e8f7110f9bf04883b730f4765b774ef3ef28f722cce7c273d253aaf7d"
            ],
            "markers": "python_version >= '3.9'",
            "version": "==75.6.0"
        },
        "virtualenv": {
            "hashes": [
                "sha256:23eae1b4516ecd610481eda647f3a7c09aea295055337331bb4e6892ecce47b0",
                "sha256:2c9c3262bb8e7b87ea801d715fae4495e6032450c71d2309be9550e7364049aa"
            ],
            "markers": "python_version >= '3.8'",
            "version": "==20.28.0"
        }
    },
    "develop": {}
}
